
Microsoft Visual Studio Solution File, Format Version 12.00
# Visual Studio Version 16
VisualStudioVersion = 16.0.32413.511
MinimumVisualStudioVersion = 10.0.40219.1
Project("{FAE04EC0-301F-11D3-BF4B-00C04F79EFBC}") = "SamuraiApp.Domain", "SamuraiApp.Domain\SamuraiApp.Domain.csproj", "{4F62581B-5421-47B2-81FF-D31C41CD8D85}"
EndProject
Project("{FAE04EC0-301F-11D3-BF4B-00C04F79EFBC}") = "SamuraiApp.Data", "SamuraiApp.Data\SamuraiApp.Data.csproj", "{B3798A06-3D7E-4998-A832-A7087A1C312C}"
EndProject
Project("{FAE04EC0-301F-11D3-BF4B-00C04F79EFBC}") = "SamuraiApp.UI", "SamuraiApp.UI\SamuraiApp.UI.csproj", "{4400B0C1-FA36-4E7F-B675-3223D412A150}"
EndProject
Global
	GlobalSection(SolutionConfigurationPlatforms) = preSolution
		Debug|Any CPU = Debug|Any CPU
		Release|Any CPU = Release|Any CPU
	EndGlobalSection
	GlobalSection(ProjectConfigurationPlatforms) = postSolution
		{4F62581B-5421-47B2-81FF-D31C41CD8D85}.Debug|Any CPU.ActiveCfg = Debug|Any CPU
		{4F62581B-5421-47B2-81FF-D31C41CD8D85}.Debug|Any CPU.Build.0 = Debug|Any CPU
		{4F62581B-5421-47B2-81FF-D31C41CD8D85}.Release|Any CPU.ActiveCfg = Release|Any CPU
		{4F62581B-5421-47B2-81FF-D31C41CD8D85}.Release|Any CPU.Build.0 = Release|Any CPU
		{B3798A06-3D7E-4998-A832-A7087A1C312C}.Debug|Any CPU.ActiveCfg = Debug|Any CPU
		{B3798A06-3D7E-4998-A832-A7087A1C312C}.Debug|Any CPU.Build.0 = Debug|Any CPU
		{B3798A06-3D7E-4998-A832-A7087A1C312C}.Release|Any CPU.ActiveCfg = Release|Any CPU
		{B3798A06-3D7E-4998-A832-A7087A1C312C}.Release|Any CPU.Build.0 = Release|Any CPU
		{4400B0C1-FA36-4E7F-B675-3223D412A150}.Debug|Any CPU.ActiveCfg = Debug|Any CPU
		{4400B0C1-FA36-4E7F-B675-3223D412A150}.Debug|Any CPU.Build.0 = Debug|Any CPU
		{4400B0C1-FA36-4E7F-B675-3223D412A150}.Release|Any CPU.ActiveCfg = Release|Any CPU
		{4400B0C1-FA36-4E7F-B675-3223D412A150}.Release|Any CPU.Build.0 = Release|Any CPU
	EndGlobalSection
	GlobalSection(SolutionProperties) = preSolution
		HideSolutionNode = FALSE
	EndGlobalSection
	GlobalSection(ExtensibilityGlobals) = postSolution
		SolutionGuid = {0EFCC1D2-A151-4564-8CEE-FF9654EC48FD}
	EndGlobalSection
EndGlobal
